
Microsoft Visual Studio Solution File, Format Version 12.00
# Visual Studio Version 17
VisualStudioVersion = 17.11.35222.181
MinimumVisualStudioVersion = 10.0.40219.1
Project("{FAE04EC0-301F-11D3-BF4B-00C04F79EFBC}") = "Barco.Librairie", "Barco.Librairie\Barco.Librairie.csproj", "{46CBDA2F-1ABE-412F-8D98-225B7A7EBB4B}"
EndProject
Global
	GlobalSection(SolutionConfigurationPlatforms) = preSolution
		Debug|Any CPU = Debug|Any CPU
		Release|Any CPU = Release|Any CPU
	EndGlobalSection
	GlobalSection(ProjectConfigurationPlatforms) = postSolution
		{46CBDA2F-1ABE-412F-8D98-225B7A7EBB4B}.Debug|Any CPU.ActiveCfg = Debug|Any CPU
		{46CBDA2F-1ABE-412F-8D98-225B7A7EBB4B}.Debug|Any CPU.Build.0 = Debug|Any CPU
		{46CBDA2F-1ABE-412F-8D98-225B7A7EBB4B}.Release|Any CPU.ActiveCfg = Release|Any CPU
		{46CBDA2F-1ABE-412F-8D98-225B7A7EBB4B}.Release|Any CPU.Build.0 = Release|Any CPU
	EndGlobalSection
	GlobalSection(SolutionProperties) = preSolution
		HideSolutionNode = FALSE
	EndGlobalSection
	GlobalSection(ExtensibilityGlobals) = postSolution
		SolutionGuid = {590E20A1-29C2-4797-B813-B03030AAE70E}
	EndGlobalSection
EndGlobal
